// !$*UTF8*$!
{
	archiveVersion = 1;
	classes = {
	};
	objectVersion = 46;
	objects = {

/* Begin PBXBuildFile section */
		D8F754161B19C71600C1D82E /* AppDelegate.swift in Sources */ = {isa = PBXBuildFile; fileRef = D8F754151B19C71600C1D82E /* AppDelegate.swift */; };
		D8F754181B19C71600C1D82E /* ViewController.swift in Sources */ = {isa = PBXBuildFile; fileRef = D8F754171B19C71600C1D82E /* ViewController.swift */; };
		D8F7541B1B19C71600C1D82E /* Main.storyboard in Resources */ = {isa = PBXBuildFile; fileRef = D8F754191B19C71600C1D82E /* Main.storyboard */; };
		D8F7541D1B19C71600C1D82E /* Images.xcassets in Resources */ = {isa = PBXBuildFile; fileRef = D8F7541C1B19C71600C1D82E /* Images.xcassets */; };
		D8F754201B19C71600C1D82E /* LaunchScreen.xib in Resources */ = {isa = PBXBuildFile; fileRef = D8F7541E1B19C71600C1D82E /* LaunchScreen.xib */; };
		D8F7542C1B19C71600C1D82E /* SmashtagTests.swift in Sources */ = {isa = PBXBuildFile; fileRef = D8F7542B1B19C71600C1D82E /* SmashtagTests.swift */; };
/* End PBXBuildFile section */

/* Begin PBXContainerItemProxy section */
		D8F754261B19C71600C1D82E /* PBXContainerItemProxy */ = {
			isa = PBXContainerItemProxy;
			containerPortal = D8F754081B19C71600C1D82E /* Project object */;
			proxyType = 1;
			remoteGlobalIDString = D8F7540F1B19C71600C1D82E;
			remoteInfo = Smashtag;
		};
/* End PBXContainerItemProxy section */

/* Begin PBXFileReference section */
		D8F754101B19C71600C1D82E /* Smashtag.app */ = {isa = PBXFileReference; explicitFileType = wrapper.application; includeInIndex = 0; path = Smashtag.app; sourceTree = BUILT_PRODUCTS_DIR; };
		D8F754141B19C71600C1D82E /* Info.plist */ = {isa = PBXFileReference; lastKnownFileType = text.plist.xml; path = Info.plist; sourceTree = "<group>"; };
		D8F754151B19C71600C1D82E /* AppDelegate.swift */ = {isa = PBXFileReference; lastKnownFileType = sourcecode.swift; path = AppDelegate.swift; sourceTree = "<group>"; };
		D8F754171B19C71600C1D82E /* ViewController.swift */ = {isa = PBXFileReference; lastKnownFileType = sourcecode.swift; path = ViewController.swift; sourceTree = "<group>"; };
		D8F7541A1B19C71600C1D82E /* Base */ = {isa = PBXFileReference; lastKnownFileType = file.storyboard; name = Base; path = Base.lproj/Main.storyboard; sourceTree = "<group>"; };
		D8F7541C1B19C71600C1D82E /* Images.xcassets */ = {isa = PBXFileReference; lastKnownFileType = folder.assetcatalog; path = Images.xcassets; sourceTree = "<group>"; };
		D8F7541F1B19C71600C1D82E /* Base */ = {isa = PBXFileReference; lastKnownFileType = file.xib; name = Base; path = Base.lproj/LaunchScreen.xib; sourceTree = "<group>"; };
		D8F754251B19C71600C1D82E /* SmashtagTests.xctest */ = {isa = PBXFileReference; explicitFileType = wrapper.cfbundle; includeInIndex = 0; path = SmashtagTests.xctest; sourceTree = BUILT_PRODUCTS_DIR; };
		D8F7542A1B19C71600C1D82E /* Info.plist */ = {isa = PBXFileReference; lastKnownFileType = text.plist.xml; path = Info.plist; sourceTree = "<group>"; };
		D8F7542B1B19C71600C1D82E /* SmashtagTests.swift */ = {isa = PBXFileReference; lastKnownFileType = sourcecode.swift; path = SmashtagTests.swift; sourceTree = "<group>"; };
/* End PBXFileReference section */

/* Begin PBXFrameworksBuildPhase section */
		D8F7540D1B19C71600C1D82E /* Frameworks */ = {
			isa = PBXFrameworksBuildPhase;
			buildActionMask = 2147483647;
			files = (
			);
			runOnlyForDeploymentPostprocessing = 0;
		};
		D8F754221B19C71600C1D82E /* Frameworks */ = {
			isa = PBXFrameworksBuildPhase;
			buildActionMask = 2147483647;
			files = (
			);
			runOnlyForDeploymentPostprocessing = 0;
		};
/* End PBXFrameworksBuildPhase section */

/* Begin PBXGroup section */
		D8F754071B19C71600C1D82E = {
			isa = PBXGroup;
			children = (
				D8F754121B19C71600C1D82E /* Smashtag */,
				D8F754281B19C71600C1D82E /* SmashtagTests */,
				D8F754111B19C71600C1D82E /* Products */,
			);
			sourceTree = "<group>";
		};
		D8F754111B19C71600C1D82E /* Products */ = {
			isa = PBXGroup;
			children = (
				D8F754101B19C71600C1D82E /* Smashtag.app */,
				D8F754251B19C71600C1D82E /* SmashtagTests.xctest */,
			);
			name = Products;
			sourceTree = "<group>";
		};
		D8F754121B19C71600C1D82E /* Smashtag */ = {
			isa = PBXGroup;
			children = (
				D8F754151B19C71600C1D82E /* AppDelegate.swift */,
				D8F754171B19C71600C1D82E /* ViewController.swift */,
				D8F754191B19C71600C1D82E /* Main.storyboard */,
				D8F7541C1B19C71600C1D82E /* Images.xcassets */,
				D8F7541E1B19C71600C1D82E /* LaunchScreen.xib */,
				D8F754131B19C71600C1D82E /* Supporting Files */,
			);
			path = Smashtag;
			sourceTree = "<group>";
		};
		D8F754131B19C71600C1D82E /* Supporting Files */ = {
			isa = PBXGroup;
			children = (
				D8F754141B19C71600C1D82E /* Info.plist */,
			);
			name = "Supporting Files";
			sourceTree = "<group>";
		};
		D8F754281B19C71600C1D82E /* SmashtagTests */ = {
			isa = PBXGroup;
			children = (
				D8F7542B1B19C71600C1D82E /* SmashtagTests.swift */,
				D8F754291B19C71600C1D82E /* Supporting Files */,
			);
			path = SmashtagTests;
			sourceTree = "<group>";
		};
		D8F754291B19C71600C1D82E /* Supporting Files */ = {
			isa = PBXGroup;
			children = (
				D8F7542A1B19C71600C1D82E /* Info.plist */,
			);
			name = "Supporting Files";
			sourceTree = "<group>";
		};
/* End PBXGroup section */

/* Begin PBXNativeTarget section */
		D8F7540F1B19C71600C1D82E /* Smashtag */ = {
			isa = PBXNativeTarget;
			buildConfigurationList = D8F7542F1B19C71600C1D82E /* Build configuration list for PBXNativeTarget "Smashtag" */;
			buildPhases = (
				D8F7540C1B19C71600C1D82E /* Sources */,
				D8F7540D1B19C71600C1D82E /* Frameworks */,
				D8F7540E1B19C71600C1D82E /* Resources */,
			);
			buildRules = (
			);
			dependencies = (
			);
			name = Smashtag;
			productName = Smashtag;
			productReference = D8F754101B19C71600C1D82E /* Smashtag.app */;
			productType = "com.apple.product-type.application";
		};
		D8F754241B19C71600C1D82E /* SmashtagTests */ = {
			isa = PBXNativeTarget;
			buildConfigurationList = D8F754321B19C71600C1D82E /* Build configuration list for PBXNativeTarget "SmashtagTests" */;
			buildPhases = (
				D8F754211B19C71600C1D82E /* Sources */,
				D8F754221B19C71600C1D82E /* Frameworks */,
				D8F754231B19C71600C1D82E /* Resources */,
			);
			buildRules = (
			);
			dependencies = (
				D8F754271B19C71600C1D82E /* PBXTargetDependency */,
			);
			name = SmashtagTests;
			productName = SmashtagTests;
			productReference = D8F754251B19C71600C1D82E /* SmashtagTests.xctest */;
			productType = "com.apple.product-type.bundle.unit-test";
		};
/* End PBXNativeTarget section */

/* Begin PBXProject section */
		D8F754081B19C71600C1D82E /* Project object */ = {
			isa = PBXProject;
			attributes = {
				LastUpgradeCheck = 0630;
				ORGANIZATIONNAME = "Remus Lazar";
				TargetAttributes = {
					D8F7540F1B19C71600C1D82E = {
						CreatedOnToolsVersion = 6.3.2;
					};
					D8F754241B19C71600C1D82E = {
						CreatedOnToolsVersion = 6.3.2;
						TestTargetID = D8F7540F1B19C71600C1D82E;
					};
				};
			};
			buildConfigurationList = D8F7540B1B19C71600C1D82E /* Build configuration list for PBXProject "Smashtag" */;
			compatibilityVersion = "Xcode 3.2";
			developmentRegion = English;
			hasScannedForEncodings = 0;
			knownRegions = (
				en,
				Base,
			);
			mainGroup = D8F754071B19C71600C1D82E;
			productRefGroup = D8F754111B19C71600C1D82E /* Products */;
			projectDirPath = "";
			projectRoot = "";
			targets = (
				D8F7540F1B19C71600C1D82E /* Smashtag */,
				D8F754241B19C71600C1D82E /* SmashtagTests */,
			);
		};
/* End PBXProject section */

/* Begin PBXResourcesBuildPhase section */
		D8F7540E1B19C71600C1D82E /* Resources */ = {
			isa = PBXResourcesBuildPhase;
			buildActionMask = 2147483647;
			files = (
				D8F7541B1B19C71600C1D82E /* Main.storyboard in Resources */,
				D8F754201B19C71600C1D82E /* LaunchScreen.xib in Resources */,
				D8F7541D1B19C71600C1D82E /* Images.xcassets in Resources */,
			);
			runOnlyForDeploymentPostprocessing = 0;
		};
		D8F754231B19C71600C1D82E /* Resources */ = {
			isa = PBXResourcesBuildPhase;
			buildActionMask = 2147483647;
			files = (
			);
			runOnlyForDeploymentPostprocessing = 0;
		};
/* End PBXResourcesBuildPhase section */

/* Begin PBXSourcesBuildPhase section */
		D8F7540C1B19C71600C1D82E /* Sources */ = {
			isa = PBXSourcesBuildPhase;
			buildActionMask = 2147483647;
			files = (
				D8F754181B19C71600C1D82E /* ViewController.swift in Sources */,
				D8F754161B19C71600C1D82E /* AppDelegate.swift in Sources */,
			);
			runOnlyForDeploymentPostprocessing = 0;
		};
		D8F754211B19C71600C1D82E /* Sources */ = {
			isa = PBXSourcesBuildPhase;
			buildActionMask = 2147483647;
			files = (
				D8F7542C1B19C71600C1D82E /* SmashtagTests.swift in Sources */,
			);
			runOnlyForDeploymentPostprocessing = 0;
		};
/* End PBXSourcesBuildPhase section */

/* Begin PBXTargetDependency section */
		D8F754271B19C71600C1D82E /* PBXTargetDependency */ = {
			isa = PBXTargetDependency;
			target = D8F7540F1B19C71600C1D82E /* Smashtag */;
			targetProxy = D8F754261B19C71600C1D82E /* PBXContainerItemProxy */;
		};
/* End PBXTargetDependency section */

/* Begin PBXVariantGroup section */
		D8F754191B19C71600C1D82E /* Main.storyboard */ = {
			isa = PBXVariantGroup;
			children = (
				D8F7541A1B19C71600C1D82E /* Base */,
			);
			name = Main.storyboard;
			sourceTree = "<group>";
		};
		D8F7541E1B19C71600C1D82E /* LaunchScreen.xib */ = {
			isa = PBXVariantGroup;
			children = (
				D8F7541F1B19C71600C1D82E /* Base */,
			);
			name = LaunchScreen.xib;
			sourceTree = "<group>";
		};
/* End PBXVariantGroup section */

/* Begin XCBuildConfiguration section */
		D8F7542D1B19C71600C1D82E /* Debug */ = {
			isa = XCBuildConfiguration;
			buildSettings = {
				ALWAYS_SEARCH_USER_PATHS = NO;
				CLANG_CXX_LANGUAGE_STANDARD = "gnu++0x";
				CLANG_CXX_LIBRARY = "libc++";
				CLANG_ENABLE_MODULES = YES;
				CLANG_ENABLE_OBJC_ARC = YES;
				CLANG_WARN_BOOL_CONVERSION = YES;
				CLANG_WARN_CONSTANT_CONVERSION = YES;
				CLANG_WARN_DIRECT_OBJC_ISA_USAGE = YES_ERROR;
				CLANG_WARN_EMPTY_BODY = YES;
				CLANG_WARN_ENUM_CONVERSION = YES;
				CLANG_WARN_INT_CONVERSION = YES;
				CLANG_WARN_OBJC_ROOT_CLASS = YES_ERROR;
				CLANG_WARN_UNREACHABLE_CODE = YES;
				CLANG_WARN__DUPLICATE_METHOD_MATCH = YES;
				"CODE_SIGN_IDENTITY[sdk=iphoneos*]" = "iPhone Developer";
				COPY_PHASE_STRIP = NO;
				DEBUG_INFORMATION_FORMAT = "dwarf-with-dsym";
				ENABLE_STRICT_OBJC_MSGSEND = YES;
				GCC_C_LANGUAGE_STANDARD = gnu99;
				GCC_DYNAMIC_NO_PIC = NO;
				GCC_NO_COMMON_BLOCKS = YES;
				GCC_OPTIMIZATION_LEVEL = 0;
				GCC_PREPROCESSOR_DEFINITIONS = (
					"DEBUG=1",
					"$(inherited)",
				);
				GCC_SYMBOLS_PRIVATE_EXTERN = NO;
				GCC_WARN_64_TO_32_BIT_CONVERSION = YES;
				GCC_WARN_ABOUT_RETURN_TYPE = YES_ERROR;
				GCC_WARN_UNDECLARED_SELECTOR = YES;
				GCC_WARN_UNINITIALIZED_AUTOS = YES_AGGRESSIVE;
				GCC_WARN_UNUSED_FUNCTION = YES;
				GCC_WARN_UNUSED_VARIABLE = YES;
				IPHONEOS_DEPLOYMENT_TARGET = 8.3;
				MTL_ENABLE_DEBUG_INFO = YES;
				ONLY_ACTIVE_ARCH = YES;
				SDKROOT = iphoneos;
				SWIFT_OPTIMIZATION_LEVEL = "-Onone";
				TARGETED_DEVICE_FAMILY = "1,2";
			};
			name = Debug;
		};
		D8F7542E1B19C71600C1D82E /* Release */ = {
			isa = XCBuildConfiguration;
			buildSettings = {
				ALWAYS_SEARCH_USER_PATHS = NO;
				CLANG_CXX_LANGUAGE_STANDARD = "gnu++0x";
				CLANG_CXX_LIBRARY = "libc++";
				CLANG_ENABLE_MODULES = YES;
				CLANG_ENABLE_OBJC_ARC = YES;
				CLANG_WARN_BOOL_CONVERSION = YES;
				CLANG_WARN_CONSTANT_CONVERSION = YES;
				CLANG_WARN_DIRECT_OBJC_ISA_USAGE = YES_ERROR;
				CLANG_WARN_EMPTY_BODY = YES;
				CLANG_WARN_ENUM_CONVERSION = YES;
				CLANG_WARN_INT_CONVERSION = YES;
				CLANG_WARN_OBJC_ROOT_CLASS = YES_ERROR;
				CLANG_WARN_UNREACHABLE_CODE = YES;
				CLANG_WARN__DUPLICATE_METHOD_MATCH = YES;
				"CODE_SIGN_IDENTITY[sdk=iphoneos*]" = "iPhone Developer";
				COPY_PHASE_STRIP = NO;
				DEBUG_INFORMATION_FORMAT = "dwarf-with-dsym";
				ENABLE_NS_ASSERTIONS = NO;
				ENABLE_STRICT_OBJC_MSGSEND = YES;
				GCC_C_LANGUAGE_STANDARD = gnu99;
				GCC_NO_COMMON_BLOCKS = YES;
				GCC_WARN_64_TO_32_BIT_CONVERSION = YES;
				GCC_WARN_ABOUT_RETURN_TYPE = YES_ERROR;
				GCC_WARN_UNDECLARED_SELECTOR = YES;
				GCC_WARN_UNINITIALIZED_AUTOS = YES_AGGRESSIVE;
				GCC_WARN_UNUSED_FUNCTION = YES;
				GCC_WARN_UNUSED_VARIABLE = YES;
				IPHONEOS_DEPLOYMENT_TARGET = 8.3;
				MTL_ENABLE_DEBUG_INFO = NO;
				SDKROOT = iphoneos;
				TARGETED_DEVICE_FAMILY = "1,2";
				VALIDATE_PRODUCT = YES;
			};
			name = Release;
		};
		D8F754301B19C71600C1D82E /* Debug */ = {
			isa = XCBuildConfiguration;
			buildSettings = {
				ASSETCATALOG_COMPILER_APPICON_NAME = AppIcon;
				INFOPLIST_FILE = Smashtag/Info.plist;
				LD_RUNPATH_SEARCH_PATHS = "$(inherited) @executable_path/Frameworks";
				PRODUCT_NAME = "$(TARGET_NAME)";
			};
			name = Debug;
		};
		D8F754311B19C71600C1D82E /* Release */ = {
			isa = XCBuildConfiguration;
			buildSettings = {
				ASSETCATALOG_COMPILER_APPICON_NAME = AppIcon;
				INFOPLIST_FILE = Smashtag/Info.plist;
				LD_RUNPATH_SEARCH_PATHS = "$(inherited) @executable_path/Frameworks";
				PRODUCT_NAME = "$(TARGET_NAME)";
			};
			name = Release;
		};
		D8F754331B19C71600C1D82E /* Debug */ = {
			isa = XCBuildConfiguration;
			buildSettings = {
				BUNDLE_LOADER = "$(TEST_HOST)";
				FRAMEWORK_SEARCH_PATHS = (
					"$(SDKROOT)/Developer/Library/Frameworks",
					"$(inherited)",
				);
				GCC_PREPROCESSOR_DEFINITIONS = (
					"DEBUG=1",
					"$(inherited)",
				);
				INFOPLIST_FILE = SmashtagTests/Info.plist;
				LD_RUNPATH_SEARCH_PATHS = "$(inherited) @executable_path/Frameworks @loader_path/Frameworks";
				PRODUCT_NAME = "$(TARGET_NAME)";
				TEST_HOST = "$(BUILT_PRODUCTS_DIR)/Smashtag.app/Smashtag";
			};
			name = Debug;
		};
		D8F754341B19C71600C1D82E /* Release */ = {
			isa = XCBuildConfiguration;
			buildSettings = {
				BUNDLE_LOADER = "$(TEST_HOST)";
				FRAMEWORK_SEARCH_PATHS = (
					"$(SDKROOT)/Developer/Library/Frameworks",
					"$(inherited)",
				);
				INFOPLIST_FILE = SmashtagTests/Info.plist;
				LD_RUNPATH_SEARCH_PATHS = "$(inherited) @executable_path/Frameworks @loader_path/Frameworks";
				PRODUCT_NAME = "$(TARGET_NAME)";
				TEST_HOST = "$(BUILT_PRODUCTS_DIR)/Smashtag.app/Smashtag";
			};
			name = Release;
		};
/* End XCBuildConfiguration section */

/* Begin XCConfigurationList section */
		D8F7540B1B19C71600C1D82E /* Build configuration list for PBXProject "Smashtag" */ = {
			isa = XCConfigurationList;
			buildConfigurations = (
				D8F7542D1B19C71600C1D82E /* Debug */,
				D8F7542E1B19C71600C1D82E /* Release */,
			);
			defaultConfigurationIsVisible = 0;
			defaultConfigurationName = Release;
		};
		D8F7542F1B19C71600C1D82E /* Build configuration list for PBXNativeTarget "Smashtag" */ = {
			isa = XCConfigurationList;
			buildConfigurations = (
				D8F754301B19C71600C1D82E /* Debug */,
				D8F754311B19C71600C1D82E /* Release */,
			);
			defaultConfigurationIsVisible = 0;
		};
		D8F754321B19C71600C1D82E /* Build configuration list for PBXNativeTarget "SmashtagTests" */ = {
			isa = XCConfigurationList;
			buildConfigurations = (
				D8F754331B19C71600C1D82E /* Debug */,
				D8F754341B19C71600C1D82E /* Release */,
			);
			defaultConfigurationIsVisible = 0;
		};
/* End XCConfigurationList section */
	};
	rootObject = D8F754081B19C71600C1D82E /* Project object */;
}
